// !$*UTF8*$!
{
	archiveVersion = 1;
	classes = {
	};
	objectVersion = 55;
	objects = {

/* Begin PBXBuildFile section */
		3221CD39292F2D5F0022733D /* WordListViewController.swift in Sources */ = {isa = PBXBuildFile; fileRef = 3221CD38292F2D5F0022733D /* WordListViewController.swift */; };
		3221CD3C292F2DA20022733D /* RandomWordCardViewController.swift in Sources */ = {isa = PBXBuildFile; fileRef = 3221CD3B292F2DA20022733D /* RandomWordCardViewController.swift */; };
		322DF89428ED0E52005A67E2 /* AppDelegate.swift in Sources */ = {isa = PBXBuildFile; fileRef = 322DF89328ED0E52005A67E2 /* AppDelegate.swift */; };
		322DF89628ED0E52005A67E2 /* SceneDelegate.swift in Sources */ = {isa = PBXBuildFile; fileRef = 322DF89528ED0E52005A67E2 /* SceneDelegate.swift */; };
		322DF89828ED0E52005A67E2 /* MainViewController.swift in Sources */ = {isa = PBXBuildFile; fileRef = 322DF89728ED0E52005A67E2 /* MainViewController.swift */; };
		322DF89D28ED0E53005A67E2 /* Assets.xcassets in Resources */ = {isa = PBXBuildFile; fileRef = 322DF89C28ED0E53005A67E2 /* Assets.xcassets */; };
		322DF8A028ED0E53005A67E2 /* LaunchScreen.storyboard in Resources */ = {isa = PBXBuildFile; fileRef = 322DF89E28ED0E53005A67E2 /* LaunchScreen.storyboard */; };
		322DF8A828ED10A8005A67E2 /* Styles.swift in Sources */ = {isa = PBXBuildFile; fileRef = 322DF8A728ED10A8005A67E2 /* Styles.swift */; };
		322E3166292C1AA800E3376B /* WordListCollectionView.swift in Sources */ = {isa = PBXBuildFile; fileRef = 322E3165292C1AA800E3376B /* WordListCollectionView.swift */; };
		322E3168292C1ABB00E3376B /* WordListCollectionViewCell.swift in Sources */ = {isa = PBXBuildFile; fileRef = 322E3167292C1ABB00E3376B /* WordListCollectionViewCell.swift */; };
		32599707292D9D0B005DDB1E /* Keys.swift in Sources */ = {isa = PBXBuildFile; fileRef = 32599706292D9D0B005DDB1E /* Keys.swift */; };
		3259970B292DDA5E005DDB1E /* WordDataFetcher.swift in Sources */ = {isa = PBXBuildFile; fileRef = 3259970A292DDA5E005DDB1E /* WordDataFetcher.swift */; };
		3262D77329218DD200EC8C37 /* WordDetailsViewController.swift in Sources */ = {isa = PBXBuildFile; fileRef = 3262D77229218DD200EC8C37 /* WordDetailsViewController.swift */; };
		3262D7762921A0F900EC8C37 /* WordDetailsCell.swift in Sources */ = {isa = PBXBuildFile; fileRef = 3262D7752921A0F900EC8C37 /* WordDetailsCell.swift */; };
		326AA52228FC92B800841AA6 /* WordListTableView.swift in Sources */ = {isa = PBXBuildFile; fileRef = 326AA52128FC92B800841AA6 /* WordListTableView.swift */; };
		3293859028FB72CD00AC3B0F /* RequestWordData.swift in Sources */ = {isa = PBXBuildFile; fileRef = 3293858F28FB72CD00AC3B0F /* RequestWordData.swift */; };
		3293859328FB848600AC3B0F /* WordCardViewCell.swift in Sources */ = {isa = PBXBuildFile; fileRef = 3293859228FB848600AC3B0F /* WordCardViewCell.swift */; };
		32E345C5290F37F90063369C /* WordListTableViewCell.swift in Sources */ = {isa = PBXBuildFile; fileRef = 32E345C4290F37F90063369C /* WordListTableViewCell.swift */; };
		32E345CE290F39440063369C /* Lato-LightItalic.ttf in Resources */ = {isa = PBXBuildFile; fileRef = 32E345C6290F39440063369C /* Lato-LightItalic.ttf */; };
		32E345CF290F39440063369C /* Lato-Light.ttf in Resources */ = {isa = PBXBuildFile; fileRef = 32E345C7290F39440063369C /* Lato-Light.ttf */; };
		32E345D0290F39440063369C /* Lato-BlackItalic.ttf in Resources */ = {isa = PBXBuildFile; fileRef = 32E345C8290F39440063369C /* Lato-BlackItalic.ttf */; };
		32E345D1290F39440063369C /* Lato-Regular.ttf in Resources */ = {isa = PBXBuildFile; fileRef = 32E345C9290F39440063369C /* Lato-Regular.ttf */; };
		32E345D2290F39440063369C /* Lato-Italic.ttf in Resources */ = {isa = PBXBuildFile; fileRef = 32E345CA290F39440063369C /* Lato-Italic.ttf */; };
		32E345D3290F39440063369C /* Lato-Bold.ttf in Resources */ = {isa = PBXBuildFile; fileRef = 32E345CB290F39440063369C /* Lato-Bold.ttf */; };
		32E345D4290F39440063369C /* Lato-Black.ttf in Resources */ = {isa = PBXBuildFile; fileRef = 32E345CC290F39440063369C /* Lato-Black.ttf */; };
		32E345D5290F39440063369C /* Lato-BoldItalic.ttf in Resources */ = {isa = PBXBuildFile; fileRef = 32E345CD290F39440063369C /* Lato-BoldItalic.ttf */; };
/* End PBXBuildFile section */

/* Begin PBXFileReference section */
		3221CD38292F2D5F0022733D /* WordListViewController.swift */ = {isa = PBXFileReference; lastKnownFileType = sourcecode.swift; path = WordListViewController.swift; sourceTree = "<group>"; };
		3221CD3B292F2DA20022733D /* RandomWordCardViewController.swift */ = {isa = PBXFileReference; lastKnownFileType = sourcecode.swift; path = RandomWordCardViewController.swift; sourceTree = "<group>"; };
		322DF89028ED0E52005A67E2 /* werdd.app */ = {isa = PBXFileReference; explicitFileType = wrapper.application; includeInIndex = 0; path = werdd.app; sourceTree = BUILT_PRODUCTS_DIR; };
		322DF89328ED0E52005A67E2 /* AppDelegate.swift */ = {isa = PBXFileReference; lastKnownFileType = sourcecode.swift; path = AppDelegate.swift; sourceTree = "<group>"; };
		322DF89528ED0E52005A67E2 /* SceneDelegate.swift */ = {isa = PBXFileReference; lastKnownFileType = sourcecode.swift; path = SceneDelegate.swift; sourceTree = "<group>"; };
		322DF89728ED0E52005A67E2 /* MainViewController.swift */ = {isa = PBXFileReference; lastKnownFileType = sourcecode.swift; path = MainViewController.swift; sourceTree = "<group>"; };
		322DF89C28ED0E53005A67E2 /* Assets.xcassets */ = {isa = PBXFileReference; lastKnownFileType = folder.assetcatalog; path = Assets.xcassets; sourceTree = "<group>"; };
		322DF89F28ED0E53005A67E2 /* Base */ = {isa = PBXFileReference; lastKnownFileType = file.storyboard; name = Base; path = Base.lproj/LaunchScreen.storyboard; sourceTree = "<group>"; };
		322DF8A128ED0E53005A67E2 /* Info.plist */ = {isa = PBXFileReference; lastKnownFileType = text.plist.xml; path = Info.plist; sourceTree = "<group>"; };
		322DF8A728ED10A8005A67E2 /* Styles.swift */ = {isa = PBXFileReference; lastKnownFileType = sourcecode.swift; path = Styles.swift; sourceTree = "<group>"; };
		322E3165292C1AA800E3376B /* WordListCollectionView.swift */ = {isa = PBXFileReference; lastKnownFileType = sourcecode.swift; path = WordListCollectionView.swift; sourceTree = "<group>"; };
		322E3167292C1ABB00E3376B /* WordListCollectionViewCell.swift */ = {isa = PBXFileReference; lastKnownFileType = sourcecode.swift; path = WordListCollectionViewCell.swift; sourceTree = "<group>"; };
		32599706292D9D0B005DDB1E /* Keys.swift */ = {isa = PBXFileReference; lastKnownFileType = sourcecode.swift; path = Keys.swift; sourceTree = "<group>"; };
		3259970A292DDA5E005DDB1E /* WordDataFetcher.swift */ = {isa = PBXFileReference; lastKnownFileType = sourcecode.swift; path = WordDataFetcher.swift; sourceTree = "<group>"; };
		3262D77229218DD200EC8C37 /* WordDetailsViewController.swift */ = {isa = PBXFileReference; lastKnownFileType = sourcecode.swift; path = WordDetailsViewController.swift; sourceTree = "<group>"; };
		3262D7752921A0F900EC8C37 /* WordDetailsCell.swift */ = {isa = PBXFileReference; lastKnownFileType = sourcecode.swift; path = WordDetailsCell.swift; sourceTree = "<group>"; };
		326AA52128FC92B800841AA6 /* WordListTableView.swift */ = {isa = PBXFileReference; lastKnownFileType = sourcecode.swift; path = WordListTableView.swift; sourceTree = "<group>"; };
		3293858F28FB72CD00AC3B0F /* RequestWordData.swift */ = {isa = PBXFileReference; lastKnownFileType = sourcecode.swift; path = RequestWordData.swift; sourceTree = "<group>"; };
		3293859228FB848600AC3B0F /* WordCardViewCell.swift */ = {isa = PBXFileReference; lastKnownFileType = sourcecode.swift; path = WordCardViewCell.swift; sourceTree = "<group>"; };
		32E345C4290F37F90063369C /* WordListTableViewCell.swift */ = {isa = PBXFileReference; lastKnownFileType = sourcecode.swift; path = WordListTableViewCell.swift; sourceTree = "<group>"; };
		32E345C6290F39440063369C /* Lato-LightItalic.ttf */ = {isa = PBXFileReference; lastKnownFileType = file; name = "Lato-LightItalic.ttf"; path = "../../../../../../fonts/Lato/Lato-LightItalic.ttf"; sourceTree = "<group>"; };
		32E345C7290F39440063369C /* Lato-Light.ttf */ = {isa = PBXFileReference; lastKnownFileType = file; name = "Lato-Light.ttf"; path = "../../../../../../fonts/Lato/Lato-Light.ttf"; sourceTree = "<group>"; };
		32E345C8290F39440063369C /* Lato-BlackItalic.ttf */ = {isa = PBXFileReference; lastKnownFileType = file; name = "Lato-BlackItalic.ttf"; path = "../../../../../../fonts/Lato/Lato-BlackItalic.ttf"; sourceTree = "<group>"; };
		32E345C9290F39440063369C /* Lato-Regular.ttf */ = {isa = PBXFileReference; lastKnownFileType = file; name = "Lato-Regular.ttf"; path = "../../../../../../fonts/Lato/Lato-Regular.ttf"; sourceTree = "<group>"; };
		32E345CA290F39440063369C /* Lato-Italic.ttf */ = {isa = PBXFileReference; lastKnownFileType = file; name = "Lato-Italic.ttf"; path = "../../../../../../fonts/Lato/Lato-Italic.ttf"; sourceTree = "<group>"; };
		32E345CB290F39440063369C /* Lato-Bold.ttf */ = {isa = PBXFileReference; lastKnownFileType = file; name = "Lato-Bold.ttf"; path = "../../../../../../fonts/Lato/Lato-Bold.ttf"; sourceTree = "<group>"; };
		32E345CC290F39440063369C /* Lato-Black.ttf */ = {isa = PBXFileReference; lastKnownFileType = file; name = "Lato-Black.ttf"; path = "../../../../../../fonts/Lato/Lato-Black.ttf"; sourceTree = "<group>"; };
		32E345CD290F39440063369C /* Lato-BoldItalic.ttf */ = {isa = PBXFileReference; lastKnownFileType = file; name = "Lato-BoldItalic.ttf"; path = "../../../../../../fonts/Lato/Lato-BoldItalic.ttf"; sourceTree = "<group>"; };
/* End PBXFileReference section */

/* Begin PBXFrameworksBuildPhase section */
		322DF88D28ED0E52005A67E2 /* Frameworks */ = {
			isa = PBXFrameworksBuildPhase;
			buildActionMask = 2147483647;
			files = (
			);
			runOnlyForDeploymentPostprocessing = 0;
		};
/* End PBXFrameworksBuildPhase section */

/* Begin PBXGroup section */
		3213B8BF2905449500FF6EA1 /* WordCard */ = {
			isa = PBXGroup;
			children = (
				3293859228FB848600AC3B0F /* WordCardViewCell.swift */,
			);
			path = WordCard;
			sourceTree = "<group>";
		};
		321BC06728F1E57400112F6E /* Style */ = {
			isa = PBXGroup;
			children = (
				321BC06828F1E58B00112F6E /* Fonts */,
				322DF8A728ED10A8005A67E2 /* Styles.swift */,
			);
			path = Style;
			sourceTree = "<group>";
		};
		321BC06828F1E58B00112F6E /* Fonts */ = {
			isa = PBXGroup;
			children = (
				32E345CC290F39440063369C /* Lato-Black.ttf */,
				32E345C8290F39440063369C /* Lato-BlackItalic.ttf */,
				32E345CB290F39440063369C /* Lato-Bold.ttf */,
				32E345CD290F39440063369C /* Lato-BoldItalic.ttf */,
				32E345CA290F39440063369C /* Lato-Italic.ttf */,
				32E345C7290F39440063369C /* Lato-Light.ttf */,
				32E345C6290F39440063369C /* Lato-LightItalic.ttf */,
				32E345C9290F39440063369C /* Lato-Regular.ttf */,
			);
			path = Fonts;
			sourceTree = "<group>";
		};
		3221CD3A292F2D840022733D /* RandomWordCard */ = {
			isa = PBXGroup;
			children = (
				3221CD3B292F2DA20022733D /* RandomWordCardViewController.swift */,
			);
			path = RandomWordCard;
			sourceTree = "<group>";
		};
		322DF88728ED0E52005A67E2 = {
			isa = PBXGroup;
			children = (
				322DF89228ED0E52005A67E2 /* werdd */,
				322DF89128ED0E52005A67E2 /* Products */,
			);
			sourceTree = "<group>";
		};
		322DF89128ED0E52005A67E2 /* Products */ = {
			isa = PBXGroup;
			children = (
				322DF89028ED0E52005A67E2 /* werdd.app */,
			);
			name = Products;
			sourceTree = "<group>";
		};
		322DF89228ED0E52005A67E2 /* werdd */ = {
			isa = PBXGroup;
			children = (
				322DF89328ED0E52005A67E2 /* AppDelegate.swift */,
				322DF89C28ED0E53005A67E2 /* Assets.xcassets */,
				322DF8A128ED0E53005A67E2 /* Info.plist */,
				322DF89E28ED0E53005A67E2 /* LaunchScreen.storyboard */,
				322DF89728ED0E52005A67E2 /* MainViewController.swift */,
				3221CD3A292F2D840022733D /* RandomWordCard */,
				32599709292DDA33005DDB1E /* RequestAPI */,
				322DF89528ED0E52005A67E2 /* SceneDelegate.swift */,
				321BC06728F1E57400112F6E /* Style */,
				3213B8BF2905449500FF6EA1 /* WordCard */,
				3262D7742921A0EC00EC8C37 /* WordDetails */,
				3293859128FB846400AC3B0F /* WordList */,
			);
			path = werdd;
			sourceTree = "<group>";
		};
		32599709292DDA33005DDB1E /* RequestAPI */ = {
			isa = PBXGroup;
			children = (
				32599706292D9D0B005DDB1E /* Keys.swift */,
				3259970A292DDA5E005DDB1E /* WordDataFetcher.swift */,
				3293858F28FB72CD00AC3B0F /* RequestWordData.swift */,
			);
			path = RequestAPI;
			sourceTree = "<group>";
		};
		3262D7742921A0EC00EC8C37 /* WordDetails */ = {
			isa = PBXGroup;
			children = (
				3262D77229218DD200EC8C37 /* WordDetailsViewController.swift */,
				3262D7752921A0F900EC8C37 /* WordDetailsCell.swift */,
			);
			path = WordDetails;
			sourceTree = "<group>";
		};
		3293859128FB846400AC3B0F /* WordList */ = {
			isa = PBXGroup;
			children = (
				326AA52128FC92B800841AA6 /* WordListTableView.swift */,
				322E3165292C1AA800E3376B /* WordListCollectionView.swift */,
				32E345C4290F37F90063369C /* WordListTableViewCell.swift */,
				322E3167292C1ABB00E3376B /* WordListCollectionViewCell.swift */,
				3221CD38292F2D5F0022733D /* WordListViewController.swift */,
			);
			path = WordList;
			sourceTree = "<group>";
		};
/* End PBXGroup section */

/* Begin PBXNativeTarget section */
		322DF88F28ED0E52005A67E2 /* werdd */ = {
			isa = PBXNativeTarget;
			buildConfigurationList = 322DF8A428ED0E53005A67E2 /* Build configuration list for PBXNativeTarget "werdd" */;
			buildPhases = (
				322DF88C28ED0E52005A67E2 /* Sources */,
				322DF88D28ED0E52005A67E2 /* Frameworks */,
				322DF88E28ED0E52005A67E2 /* Resources */,
			);
			buildRules = (
			);
			dependencies = (
			);
			name = werdd;
			productName = werdd;
			productReference = 322DF89028ED0E52005A67E2 /* werdd.app */;
			productType = "com.apple.product-type.application";
		};
/* End PBXNativeTarget section */

/* Begin PBXProject section */
		322DF88828ED0E52005A67E2 /* Project object */ = {
			isa = PBXProject;
			attributes = {
				BuildIndependentTargetsInParallel = 1;
				LastSwiftUpdateCheck = 1340;
				LastUpgradeCheck = 1340;
				TargetAttributes = {
					322DF88F28ED0E52005A67E2 = {
						CreatedOnToolsVersion = 13.4.1;
					};
				};
			};
			buildConfigurationList = 322DF88B28ED0E52005A67E2 /* Build configuration list for PBXProject "werdd" */;
			compatibilityVersion = "Xcode 13.0";
			developmentRegion = en;
			hasScannedForEncodings = 0;
			knownRegions = (
				en,
				Base,
			);
			mainGroup = 322DF88728ED0E52005A67E2;
			productRefGroup = 322DF89128ED0E52005A67E2 /* Products */;
			projectDirPath = "";
			projectRoot = "";
			targets = (
				322DF88F28ED0E52005A67E2 /* werdd */,
			);
		};
/* End PBXProject section */

/* Begin PBXResourcesBuildPhase section */
		322DF88E28ED0E52005A67E2 /* Resources */ = {
			isa = PBXResourcesBuildPhase;
			buildActionMask = 2147483647;
			files = (
				32E345CE290F39440063369C /* Lato-LightItalic.ttf in Resources */,
				322DF8A028ED0E53005A67E2 /* LaunchScreen.storyboard in Resources */,
				32E345D5290F39440063369C /* Lato-BoldItalic.ttf in Resources */,
				32E345CF290F39440063369C /* Lato-Light.ttf in Resources */,
				32E345D0290F39440063369C /* Lato-BlackItalic.ttf in Resources */,
				32E345D3290F39440063369C /* Lato-Bold.ttf in Resources */,
				322DF89D28ED0E53005A67E2 /* Assets.xcassets in Resources */,
				32E345D2290F39440063369C /* Lato-Italic.ttf in Resources */,
				32E345D1290F39440063369C /* Lato-Regular.ttf in Resources */,
				32E345D4290F39440063369C /* Lato-Black.ttf in Resources */,
			);
			runOnlyForDeploymentPostprocessing = 0;
		};
/* End PBXResourcesBuildPhase section */

/* Begin PBXSourcesBuildPhase section */
		322DF88C28ED0E52005A67E2 /* Sources */ = {
			isa = PBXSourcesBuildPhase;
			buildActionMask = 2147483647;
			files = (
				3259970B292DDA5E005DDB1E /* WordDataFetcher.swift in Sources */,
				3262D7762921A0F900EC8C37 /* WordDetailsCell.swift in Sources */,
				3221CD39292F2D5F0022733D /* WordListViewController.swift in Sources */,
				322DF89828ED0E52005A67E2 /* MainViewController.swift in Sources */,
				32E345C5290F37F90063369C /* WordListTableViewCell.swift in Sources */,
				3293859028FB72CD00AC3B0F /* RequestWordData.swift in Sources */,
				32599707292D9D0B005DDB1E /* Keys.swift in Sources */,
				322DF8A828ED10A8005A67E2 /* Styles.swift in Sources */,
				3293859328FB848600AC3B0F /* WordCardViewCell.swift in Sources */,
				322DF89428ED0E52005A67E2 /* AppDelegate.swift in Sources */,
				322E3166292C1AA800E3376B /* WordListCollectionView.swift in Sources */,
				322E3168292C1ABB00E3376B /* WordListCollectionViewCell.swift in Sources */,
				326AA52228FC92B800841AA6 /* WordListTableView.swift in Sources */,
				322DF89628ED0E52005A67E2 /* SceneDelegate.swift in Sources */,
				3262D77329218DD200EC8C37 /* WordDetailsViewController.swift in Sources */,
				3221CD3C292F2DA20022733D /* RandomWordCardViewController.swift in Sources */,
			);
			runOnlyForDeploymentPostprocessing = 0;
		};
/* End PBXSourcesBuildPhase section */

/* Begin PBXVariantGroup section */
		322DF89E28ED0E53005A67E2 /* LaunchScreen.storyboard */ = {
			isa = PBXVariantGroup;
			children = (
				322DF89F28ED0E53005A67E2 /* Base */,
			);
			name = LaunchScreen.storyboard;
			sourceTree = "<group>";
		};
/* End PBXVariantGroup section */

/* Begin XCBuildConfiguration section */
		322DF8A228ED0E53005A67E2 /* Debug */ = {
			isa = XCBuildConfiguration;
			buildSettings = {
				ALWAYS_SEARCH_USER_PATHS = NO;
				CLANG_ANALYZER_NONNULL = YES;
				CLANG_ANALYZER_NUMBER_OBJECT_CONVERSION = YES_AGGRESSIVE;
				CLANG_CXX_LANGUAGE_STANDARD = "gnu++17";
				CLANG_ENABLE_MODULES = YES;
				CLANG_ENABLE_OBJC_ARC = YES;
				CLANG_ENABLE_OBJC_WEAK = YES;
				CLANG_WARN_BLOCK_CAPTURE_AUTORELEASING = YES;
				CLANG_WARN_BOOL_CONVERSION = YES;
				CLANG_WARN_COMMA = YES;
				CLANG_WARN_CONSTANT_CONVERSION = YES;
				CLANG_WARN_DEPRECATED_OBJC_IMPLEMENTATIONS = YES;
				CLANG_WARN_DIRECT_OBJC_ISA_USAGE = YES_ERROR;
				CLANG_WARN_DOCUMENTATION_COMMENTS = YES;
				CLANG_WARN_EMPTY_BODY = YES;
				CLANG_WARN_ENUM_CONVERSION = YES;
				CLANG_WARN_INFINITE_RECURSION = YES;
				CLANG_WARN_INT_CONVERSION = YES;
				CLANG_WARN_NON_LITERAL_NULL_CONVERSION = YES;
				CLANG_WARN_OBJC_IMPLICIT_RETAIN_SELF = YES;
				CLANG_WARN_OBJC_LITERAL_CONVERSION = YES;
				CLANG_WARN_OBJC_ROOT_CLASS = YES_ERROR;
				CLANG_WARN_QUOTED_INCLUDE_IN_FRAMEWORK_HEADER = YES;
				CLANG_WARN_RANGE_LOOP_ANALYSIS = YES;
				CLANG_WARN_STRICT_PROTOTYPES = YES;
				CLANG_WARN_SUSPICIOUS_MOVE = YES;
				CLANG_WARN_UNGUARDED_AVAILABILITY = YES_AGGRESSIVE;
				CLANG_WARN_UNREACHABLE_CODE = YES;
				CLANG_WARN__DUPLICATE_METHOD_MATCH = YES;
				COPY_PHASE_STRIP = NO;
				DEBUG_INFORMATION_FORMAT = dwarf;
				ENABLE_STRICT_OBJC_MSGSEND = YES;
				ENABLE_TESTABILITY = YES;
				GCC_C_LANGUAGE_STANDARD = gnu11;
				GCC_DYNAMIC_NO_PIC = NO;
				GCC_NO_COMMON_BLOCKS = YES;
				GCC_OPTIMIZATION_LEVEL = 0;
				GCC_PREPROCESSOR_DEFINITIONS = (
					"DEBUG=1",
					"$(inherited)",
				);
				GCC_WARN_64_TO_32_BIT_CONVERSION = YES;
				GCC_WARN_ABOUT_RETURN_TYPE = YES_ERROR;
				GCC_WARN_UNDECLARED_SELECTOR = YES;
				GCC_WARN_UNINITIALIZED_AUTOS = YES_AGGRESSIVE;
				GCC_WARN_UNUSED_FUNCTION = YES;
				GCC_WARN_UNUSED_VARIABLE = YES;
				IPHONEOS_DEPLOYMENT_TARGET = 15.5;
				MTL_ENABLE_DEBUG_INFO = INCLUDE_SOURCE;
				MTL_FAST_MATH = YES;
				ONLY_ACTIVE_ARCH = YES;
				SDKROOT = iphoneos;
				SWIFT_ACTIVE_COMPILATION_CONDITIONS = DEBUG;
				SWIFT_OPTIMIZATION_LEVEL = "-Onone";
			};
			name = Debug;
		};
		322DF8A328ED0E53005A67E2 /* Release */ = {
			isa = XCBuildConfiguration;
			buildSettings = {
				ALWAYS_SEARCH_USER_PATHS = NO;
				CLANG_ANALYZER_NONNULL = YES;
				CLANG_ANALYZER_NUMBER_OBJECT_CONVERSION = YES_AGGRESSIVE;
				CLANG_CXX_LANGUAGE_STANDARD = "gnu++17";
				CLANG_ENABLE_MODULES = YES;
				CLANG_ENABLE_OBJC_ARC = YES;
				CLANG_ENABLE_OBJC_WEAK = YES;
				CLANG_WARN_BLOCK_CAPTURE_AUTORELEASING = YES;
				CLANG_WARN_BOOL_CONVERSION = YES;
				CLANG_WARN_COMMA = YES;
				CLANG_WARN_CONSTANT_CONVERSION = YES;
				CLANG_WARN_DEPRECATED_OBJC_IMPLEMENTATIONS = YES;
				CLANG_WARN_DIRECT_OBJC_ISA_USAGE = YES_ERROR;
				CLANG_WARN_DOCUMENTATION_COMMENTS = YES;
				CLANG_WARN_EMPTY_BODY = YES;
				CLANG_WARN_ENUM_CONVERSION = YES;
				CLANG_WARN_INFINITE_RECURSION = YES;
				CLANG_WARN_INT_CONVERSION = YES;
				CLANG_WARN_NON_LITERAL_NULL_CONVERSION = YES;
				CLANG_WARN_OBJC_IMPLICIT_RETAIN_SELF = YES;
				CLANG_WARN_OBJC_LITERAL_CONVERSION = YES;
				CLANG_WARN_OBJC_ROOT_CLASS = YES_ERROR;
				CLANG_WARN_QUOTED_INCLUDE_IN_FRAMEWORK_HEADER = YES;
				CLANG_WARN_RANGE_LOOP_ANALYSIS = YES;
				CLANG_WARN_STRICT_PROTOTYPES = YES;
				CLANG_WARN_SUSPICIOUS_MOVE = YES;
				CLANG_WARN_UNGUARDED_AVAILABILITY = YES_AGGRESSIVE;
				CLANG_WARN_UNREACHABLE_CODE = YES;
				CLANG_WARN__DUPLICATE_METHOD_MATCH = YES;
				COPY_PHASE_STRIP = NO;
				DEBUG_INFORMATION_FORMAT = "dwarf-with-dsym";
				ENABLE_NS_ASSERTIONS = NO;
				ENABLE_STRICT_OBJC_MSGSEND = YES;
				GCC_C_LANGUAGE_STANDARD = gnu11;
				GCC_NO_COMMON_BLOCKS = YES;
				GCC_WARN_64_TO_32_BIT_CONVERSION = YES;
				GCC_WARN_ABOUT_RETURN_TYPE = YES_ERROR;
				GCC_WARN_UNDECLARED_SELECTOR = YES;
				GCC_WARN_UNINITIALIZED_AUTOS = YES_AGGRESSIVE;
				GCC_WARN_UNUSED_FUNCTION = YES;
				GCC_WARN_UNUSED_VARIABLE = YES;
				IPHONEOS_DEPLOYMENT_TARGET = 15.5;
				MTL_ENABLE_DEBUG_INFO = NO;
				MTL_FAST_MATH = YES;
				SDKROOT = iphoneos;
				SWIFT_COMPILATION_MODE = wholemodule;
				SWIFT_OPTIMIZATION_LEVEL = "-O";
				VALIDATE_PRODUCT = YES;
			};
			name = Release;
		};
		322DF8A528ED0E53005A67E2 /* Debug */ = {
			isa = XCBuildConfiguration;
			buildSettings = {
				ASSETCATALOG_COMPILER_APPICON_NAME = AppIcon;
				ASSETCATALOG_COMPILER_GLOBAL_ACCENT_COLOR_NAME = AccentColor;
				CODE_SIGN_STYLE = Automatic;
				CURRENT_PROJECT_VERSION = 1;
				GENERATE_INFOPLIST_FILE = YES;
				INFOPLIST_FILE = werdd/Info.plist;
				INFOPLIST_KEY_UIApplicationSupportsIndirectInputEvents = YES;
				INFOPLIST_KEY_UILaunchStoryboardName = LaunchScreen;
				INFOPLIST_KEY_UISupportedInterfaceOrientations_iPad = "UIInterfaceOrientationPortrait UIInterfaceOrientationPortraitUpsideDown UIInterfaceOrientationLandscapeLeft UIInterfaceOrientationLandscapeRight";
				INFOPLIST_KEY_UISupportedInterfaceOrientations_iPhone = "UIInterfaceOrientationPortrait UIInterfaceOrientationLandscapeLeft UIInterfaceOrientationLandscapeRight";
				LD_RUNPATH_SEARCH_PATHS = (
					"$(inherited)",
					"@executable_path/Frameworks",
				);
				MARKETING_VERSION = 1.0;
				PRODUCT_BUNDLE_IDENTIFIER = info.vbao.werdd.werdd;
				PRODUCT_NAME = "$(TARGET_NAME)";
				SWIFT_EMIT_LOC_STRINGS = YES;
				SWIFT_VERSION = 5.0;
				TARGETED_DEVICE_FAMILY = "1,2";
			};
			name = Debug;
		};
		322DF8A628ED0E53005A67E2 /* Release */ = {
			isa = XCBuildConfiguration;
			buildSettings = {
				ASSETCATALOG_COMPILER_APPICON_NAME = AppIcon;
				ASSETCATALOG_COMPILER_GLOBAL_ACCENT_COLOR_NAME = AccentColor;
				CODE_SIGN_STYLE = Automatic;
				CURRENT_PROJECT_VERSION = 1;
				GENERATE_INFOPLIST_FILE = YES;
				INFOPLIST_FILE = werdd/Info.plist;
				INFOPLIST_KEY_UIApplicationSupportsIndirectInputEvents = YES;
				INFOPLIST_KEY_UILaunchStoryboardName = LaunchScreen;
				INFOPLIST_KEY_UISupportedInterfaceOrientations_iPad = "UIInterfaceOrientationPortrait UIInterfaceOrientationPortraitUpsideDown UIInterfaceOrientationLandscapeLeft UIInterfaceOrientationLandscapeRight";
				INFOPLIST_KEY_UISupportedInterfaceOrientations_iPhone = "UIInterfaceOrientationPortrait UIInterfaceOrientationLandscapeLeft UIInterfaceOrientationLandscapeRight";
				LD_RUNPATH_SEARCH_PATHS = (
					"$(inherited)",
					"@executable_path/Frameworks",
				);
				MARKETING_VERSION = 1.0;
				PRODUCT_BUNDLE_IDENTIFIER = info.vbao.werdd.werdd;
				PRODUCT_NAME = "$(TARGET_NAME)";
				SWIFT_EMIT_LOC_STRINGS = YES;
				SWIFT_VERSION = 5.0;
				TARGETED_DEVICE_FAMILY = "1,2";
			};
			name = Release;
		};
/* End XCBuildConfiguration section */

/* Begin XCConfigurationList section */
		322DF88B28ED0E52005A67E2 /* Build configuration list for PBXProject "werdd" */ = {
			isa = XCConfigurationList;
			buildConfigurations = (
				322DF8A228ED0E53005A67E2 /* Debug */,
				322DF8A328ED0E53005A67E2 /* Release */,
			);
			defaultConfigurationIsVisible = 0;
			defaultConfigurationName = Release;
		};
		322DF8A428ED0E53005A67E2 /* Build configuration list for PBXNativeTarget "werdd" */ = {
			isa = XCConfigurationList;
			buildConfigurations = (
				322DF8A528ED0E53005A67E2 /* Debug */,
				322DF8A628ED0E53005A67E2 /* Release */,
			);
			defaultConfigurationIsVisible = 0;
			defaultConfigurationName = Release;
		};
/* End XCConfigurationList section */
	};
	rootObject = 322DF88828ED0E52005A67E2 /* Project object */;
}
